// !$*UTF8*$!
{
	archiveVersion = 1;
	classes = {
	};
	objectVersion = 46;
	objects = {

/* Begin PBXBuildFile section */
		FE45B79F1F6A16A10010D48A /* main.m in Sources */ = {isa = PBXBuildFile; fileRef = FE45B79E1F6A16A10010D48A /* main.m */; };
		FE45B7A21F6A16A10010D48A /* AppDelegate.m in Sources */ = {isa = PBXBuildFile; fileRef = FE45B7A11F6A16A10010D48A /* AppDelegate.m */; };
		FE45B7A51F6A16A10010D48A /* ViewController.m in Sources */ = {isa = PBXBuildFile; fileRef = FE45B7A41F6A16A10010D48A /* ViewController.m */; };
		FE45B7A81F6A16A10010D48A /* Main.storyboard in Resources */ = {isa = PBXBuildFile; fileRef = FE45B7A61F6A16A10010D48A /* Main.storyboard */; };
		FE45B7AA1F6A16A10010D48A /* Assets.xcassets in Resources */ = {isa = PBXBuildFile; fileRef = FE45B7A91F6A16A10010D48A /* Assets.xcassets */; };
		FE45B7AD1F6A16A10010D48A /* LaunchScreen.storyboard in Resources */ = {isa = PBXBuildFile; fileRef = FE45B7AB1F6A16A10010D48A /* LaunchScreen.storyboard */; };
		FE45B7B81F6A16A10010D48A /* YSHToolLibTests.m in Sources */ = {isa = PBXBuildFile; fileRef = FE45B7B71F6A16A10010D48A /* YSHToolLibTests.m */; };
		FE45B7C31F6A16A10010D48A /* YSHToolLibUITests.m in Sources */ = {isa = PBXBuildFile; fileRef = FE45B7C21F6A16A10010D48A /* YSHToolLibUITests.m */; };
/* End PBXBuildFile section */

/* Begin PBXContainerItemProxy section */
		FE45B7B41F6A16A10010D48A /* PBXContainerItemProxy */ = {
			isa = PBXContainerItemProxy;
			containerPortal = FE45B7921F6A16A10010D48A /* Project object */;
			proxyType = 1;
			remoteGlobalIDString = FE45B7991F6A16A10010D48A;
			remoteInfo = YSHToolLib;
		};
		FE45B7BF1F6A16A10010D48A /* PBXContainerItemProxy */ = {
			isa = PBXContainerItemProxy;
			containerPortal = FE45B7921F6A16A10010D48A /* Project object */;
			proxyType = 1;
			remoteGlobalIDString = FE45B7991F6A16A10010D48A;
			remoteInfo = YSHToolLib;
		};
/* End PBXContainerItemProxy section */

/* Begin PBXFileReference section */
		FE45B79A1F6A16A10010D48A /* YSHToolLib.app */ = {isa = PBXFileReference; explicitFileType = wrapper.application; includeInIndex = 0; path = YSHToolLib.app; sourceTree = BUILT_PRODUCTS_DIR; };
		FE45B79E1F6A16A10010D48A /* main.m */ = {isa = PBXFileReference; lastKnownFileType = sourcecode.c.objc; path = main.m; sourceTree = "<group>"; };
		FE45B7A01F6A16A10010D48A /* AppDelegate.h */ = {isa = PBXFileReference; lastKnownFileType = sourcecode.c.h; path = AppDelegate.h; sourceTree = "<group>"; };
		FE45B7A11F6A16A10010D48A /* AppDelegate.m */ = {isa = PBXFileReference; lastKnownFileType = sourcecode.c.objc; path = AppDelegate.m; sourceTree = "<group>"; };
		FE45B7A31F6A16A10010D48A /* ViewController.h */ = {isa = PBXFileReference; lastKnownFileType = sourcecode.c.h; path = ViewController.h; sourceTree = "<group>"; };
		FE45B7A41F6A16A10010D48A /* ViewController.m */ = {isa = PBXFileReference; lastKnownFileType = sourcecode.c.objc; path = ViewController.m; sourceTree = "<group>"; };
		FE45B7A71F6A16A10010D48A /* Base */ = {isa = PBXFileReference; lastKnownFileType = file.storyboard; name = Base; path = Base.lproj/Main.storyboard; sourceTree = "<group>"; };
		FE45B7A91F6A16A10010D48A /* Assets.xcassets */ = {isa = PBXFileReference; lastKnownFileType = folder.assetcatalog; path = Assets.xcassets; sourceTree = "<group>"; };
		FE45B7AC1F6A16A10010D48A /* Base */ = {isa = PBXFileReference; lastKnownFileType = file.storyboard; name = Base; path = Base.lproj/LaunchScreen.storyboard; sourceTree = "<group>"; };
		FE45B7AE1F6A16A10010D48A /* Info.plist */ = {isa = PBXFileReference; lastKnownFileType = text.plist.xml; path = Info.plist; sourceTree = "<group>"; };
		FE45B7B31F6A16A10010D48A /* YSHToolLibTests.xctest */ = {isa = PBXFileReference; explicitFileType = wrapper.cfbundle; includeInIndex = 0; path = YSHToolLibTests.xctest; sourceTree = BUILT_PRODUCTS_DIR; };
		FE45B7B71F6A16A10010D48A /* YSHToolLibTests.m */ = {isa = PBXFileReference; lastKnownFileType = sourcecode.c.objc; path = YSHToolLibTests.m; sourceTree = "<group>"; };
		FE45B7B91F6A16A10010D48A /* Info.plist */ = {isa = PBXFileReference; lastKnownFileType = text.plist.xml; path = Info.plist; sourceTree = "<group>"; };
		FE45B7BE1F6A16A10010D48A /* YSHToolLibUITests.xctest */ = {isa = PBXFileReference; explicitFileType = wrapper.cfbundle; includeInIndex = 0; path = YSHToolLibUITests.xctest; sourceTree = BUILT_PRODUCTS_DIR; };
		FE45B7C21F6A16A10010D48A /* YSHToolLibUITests.m */ = {isa = PBXFileReference; lastKnownFileType = sourcecode.c.objc; path = YSHToolLibUITests.m; sourceTree = "<group>"; };
		FE45B7C41F6A16A10010D48A /* Info.plist */ = {isa = PBXFileReference; lastKnownFileType = text.plist.xml; path = Info.plist; sourceTree = "<group>"; };
/* End PBXFileReference section */

/* Begin PBXFrameworksBuildPhase section */
		FE45B7971F6A16A10010D48A /* Frameworks */ = {
			isa = PBXFrameworksBuildPhase;
			buildActionMask = 2147483647;
			files = (
			);
			runOnlyForDeploymentPostprocessing = 0;
		};
		FE45B7B01F6A16A10010D48A /* Frameworks */ = {
			isa = PBXFrameworksBuildPhase;
			buildActionMask = 2147483647;
			files = (
			);
			runOnlyForDeploymentPostprocessing = 0;
		};
		FE45B7BB1F6A16A10010D48A /* Frameworks */ = {
			isa = PBXFrameworksBuildPhase;
			buildActionMask = 2147483647;
			files = (
			);
			runOnlyForDeploymentPostprocessing = 0;
		};
/* End PBXFrameworksBuildPhase section */

/* Begin PBXGroup section */
		FE45B7911F6A16A10010D48A = {
			isa = PBXGroup;
			children = (
				FE45B79C1F6A16A10010D48A /* YSHToolLib */,
				FE45B7B61F6A16A10010D48A /* YSHToolLibTests */,
				FE45B7C11F6A16A10010D48A /* YSHToolLibUITests */,
				FE45B79B1F6A16A10010D48A /* Products */,
			);
			sourceTree = "<group>";
		};
		FE45B79B1F6A16A10010D48A /* Products */ = {
			isa = PBXGroup;
			children = (
				FE45B79A1F6A16A10010D48A /* YSHToolLib.app */,
				FE45B7B31F6A16A10010D48A /* YSHToolLibTests.xctest */,
				FE45B7BE1F6A16A10010D48A /* YSHToolLibUITests.xctest */,
			);
			name = Products;
			sourceTree = "<group>";
		};
		FE45B79C1F6A16A10010D48A /* YSHToolLib */ = {
			isa = PBXGroup;
			children = (
				FE45B7A01F6A16A10010D48A /* AppDelegate.h */,
				FE45B7A11F6A16A10010D48A /* AppDelegate.m */,
				FE45B7A31F6A16A10010D48A /* ViewController.h */,
				FE45B7A41F6A16A10010D48A /* ViewController.m */,
				FE45B7A61F6A16A10010D48A /* Main.storyboard */,
				FE45B7A91F6A16A10010D48A /* Assets.xcassets */,
				FE45B7AB1F6A16A10010D48A /* LaunchScreen.storyboard */,
				FE45B7AE1F6A16A10010D48A /* Info.plist */,
				FE45B79D1F6A16A10010D48A /* Supporting Files */,
			);
			path = YSHToolLib;
			sourceTree = "<group>";
		};
		FE45B79D1F6A16A10010D48A /* Supporting Files */ = {
			isa = PBXGroup;
			children = (
				FE45B79E1F6A16A10010D48A /* main.m */,
			);
			name = "Supporting Files";
			sourceTree = "<group>";
		};
		FE45B7B61F6A16A10010D48A /* YSHToolLibTests */ = {
			isa = PBXGroup;
			children = (
				FE45B7B71F6A16A10010D48A /* YSHToolLibTests.m */,
				FE45B7B91F6A16A10010D48A /* Info.plist */,
			);
			path = YSHToolLibTests;
			sourceTree = "<group>";
		};
		FE45B7C11F6A16A10010D48A /* YSHToolLibUITests */ = {
			isa = PBXGroup;
			children = (
				FE45B7C21F6A16A10010D48A /* YSHToolLibUITests.m */,
				FE45B7C41F6A16A10010D48A /* Info.plist */,
			);
			path = YSHToolLibUITests;
			sourceTree = "<group>";
		};
/* End PBXGroup section */

/* Begin PBXNativeTarget section */
		FE45B7991F6A16A10010D48A /* YSHToolLib */ = {
			isa = PBXNativeTarget;
			buildConfigurationList = FE45B7C71F6A16A10010D48A /* Build configuration list for PBXNativeTarget "YSHToolLib" */;
			buildPhases = (
				FE45B7961F6A16A10010D48A /* Sources */,
				FE45B7971F6A16A10010D48A /* Frameworks */,
				FE45B7981F6A16A10010D48A /* Resources */,
			);
			buildRules = (
			);
			dependencies = (
			);
			name = YSHToolLib;
			productName = YSHToolLib;
			productReference = FE45B79A1F6A16A10010D48A /* YSHToolLib.app */;
			productType = "com.apple.product-type.application";
		};
		FE45B7B21F6A16A10010D48A /* YSHToolLibTests */ = {
			isa = PBXNativeTarget;
			buildConfigurationList = FE45B7CA1F6A16A10010D48A /* Build configuration list for PBXNativeTarget "YSHToolLibTests" */;
			buildPhases = (
				FE45B7AF1F6A16A10010D48A /* Sources */,
				FE45B7B01F6A16A10010D48A /* Frameworks */,
				FE45B7B11F6A16A10010D48A /* Resources */,
			);
			buildRules = (
			);
			dependencies = (
				FE45B7B51F6A16A10010D48A /* PBXTargetDependency */,
			);
			name = YSHToolLibTests;
			productName = YSHToolLibTests;
			productReference = FE45B7B31F6A16A10010D48A /* YSHToolLibTests.xctest */;
			productType = "com.apple.product-type.bundle.unit-test";
		};
		FE45B7BD1F6A16A10010D48A /* YSHToolLibUITests */ = {
			isa = PBXNativeTarget;
			buildConfigurationList = FE45B7CD1F6A16A10010D48A /* Build configuration list for PBXNativeTarget "YSHToolLibUITests" */;
			buildPhases = (
				FE45B7BA1F6A16A10010D48A /* Sources */,
				FE45B7BB1F6A16A10010D48A /* Frameworks */,
				FE45B7BC1F6A16A10010D48A /* Resources */,
			);
			buildRules = (
			);
			dependencies = (
				FE45B7C01F6A16A10010D48A /* PBXTargetDependency */,
			);
			name = YSHToolLibUITests;
			productName = YSHToolLibUITests;
			productReference = FE45B7BE1F6A16A10010D48A /* YSHToolLibUITests.xctest */;
			productType = "com.apple.product-type.bundle.ui-testing";
		};
/* End PBXNativeTarget section */

/* Begin PBXProject section */
		FE45B7921F6A16A10010D48A /* Project object */ = {
			isa = PBXProject;
			attributes = {
				LastUpgradeCheck = 0830;
				ORGANIZATIONNAME = "袁书辉";
				TargetAttributes = {
					FE45B7991F6A16A10010D48A = {
						CreatedOnToolsVersion = 8.3.3;
						ProvisioningStyle = Automatic;
					};
					FE45B7B21F6A16A10010D48A = {
						CreatedOnToolsVersion = 8.3.3;
						ProvisioningStyle = Automatic;
						TestTargetID = FE45B7991F6A16A10010D48A;
					};
					FE45B7BD1F6A16A10010D48A = {
						CreatedOnToolsVersion = 8.3.3;
						ProvisioningStyle = Automatic;
						TestTargetID = FE45B7991F6A16A10010D48A;
					};
				};
			};
			buildConfigurationList = FE45B7951F6A16A10010D48A /* Build configuration list for PBXProject "YSHToolLib" */;
			compatibilityVersion = "Xcode 3.2";
			developmentRegion = English;
			hasScannedForEncodings = 0;
			knownRegions = (
				en,
				Base,
			);
			mainGroup = FE45B7911F6A16A10010D48A;
			productRefGroup = FE45B79B1F6A16A10010D48A /* Products */;
			projectDirPath = "";
			projectRoot = "";
			targets = (
				FE45B7991F6A16A10010D48A /* YSHToolLib */,
				FE45B7B21F6A16A10010D48A /* YSHToolLibTests */,
				FE45B7BD1F6A16A10010D48A /* YSHToolLibUITests */,
			);
		};
/* End PBXProject section */

/* Begin PBXResourcesBuildPhase section */
		FE45B7981F6A16A10010D48A /* Resources */ = {
			isa = PBXResourcesBuildPhase;
			buildActionMask = 2147483647;
			files = (
				FE45B7AD1F6A16A10010D48A /* LaunchScreen.storyboard in Resources */,
				FE45B7AA1F6A16A10010D48A /* Assets.xcassets in Resources */,
				FE45B7A81F6A16A10010D48A /* Main.storyboard in Resources */,
			);
			runOnlyForDeploymentPostprocessing = 0;
		};
		FE45B7B11F6A16A10010D48A /* Resources */ = {
			isa = PBXResourcesBuildPhase;
			buildActionMask = 2147483647;
			files = (
			);
			runOnlyForDeploymentPostprocessing = 0;
		};
		FE45B7BC1F6A16A10010D48A /* Resources */ = {
			isa = PBXResourcesBuildPhase;
			buildActionMask = 2147483647;
			files = (
			);
			runOnlyForDeploymentPostprocessing = 0;
		};
/* End PBXResourcesBuildPhase section */

/* Begin PBXSourcesBuildPhase section */
		FE45B7961F6A16A10010D48A /* Sources */ = {
			isa = PBXSourcesBuildPhase;
			buildActionMask = 2147483647;
			files = (
				FE45B7A51F6A16A10010D48A /* ViewController.m in Sources */,
				FE45B7A21F6A16A10010D48A /* AppDelegate.m in Sources */,
				FE45B79F1F6A16A10010D48A /* main.m in Sources */,
			);
			runOnlyForDeploymentPostprocessing = 0;
		};
		FE45B7AF1F6A16A10010D48A /* Sources */ = {
			isa = PBXSourcesBuildPhase;
			buildActionMask = 2147483647;
			files = (
				FE45B7B81F6A16A10010D48A /* YSHToolLibTests.m in Sources */,
			);
			runOnlyForDeploymentPostprocessing = 0;
		};
		FE45B7BA1F6A16A10010D48A /* Sources */ = {
			isa = PBXSourcesBuildPhase;
			buildActionMask = 2147483647;
			files = (
				FE45B7C31F6A16A10010D48A /* YSHToolLibUITests.m in Sources */,
			);
			runOnlyForDeploymentPostprocessing = 0;
		};
/* End PBXSourcesBuildPhase section */

/* Begin PBXTargetDependency section */
		FE45B7B51F6A16A10010D48A /* PBXTargetDependency */ = {
			isa = PBXTargetDependency;
			target = FE45B7991F6A16A10010D48A /* YSHToolLib */;
			targetProxy = FE45B7B41F6A16A10010D48A /* PBXContainerItemProxy */;
		};
		FE45B7C01F6A16A10010D48A /* PBXTargetDependency */ = {
			isa = PBXTargetDependency;
			target = FE45B7991F6A16A10010D48A /* YSHToolLib */;
			targetProxy = FE45B7BF1F6A16A10010D48A /* PBXContainerItemProxy */;
		};
/* End PBXTargetDependency section */

/* Begin PBXVariantGroup section */
		FE45B7A61F6A16A10010D48A /* Main.storyboard */ = {
			isa = PBXVariantGroup;
			children = (
				FE45B7A71F6A16A10010D48A /* Base */,
			);
			name = Main.storyboard;
			sourceTree = "<group>";
		};
		FE45B7AB1F6A16A10010D48A /* LaunchScreen.storyboard */ = {
			isa = PBXVariantGroup;
			children = (
				FE45B7AC1F6A16A10010D48A /* Base */,
			);
			name = LaunchScreen.storyboard;
			sourceTree = "<group>";
		};
/* End PBXVariantGroup section */

/* Begin XCBuildConfiguration section */
		FE45B7C51F6A16A10010D48A /* Debug */ = {
			isa = XCBuildConfiguration;
			buildSettings = {
				ALWAYS_SEARCH_USER_PATHS = NO;
				CLANG_ANALYZER_NONNULL = YES;
				CLANG_ANALYZER_NUMBER_OBJECT_CONVERSION = YES_AGGRESSIVE;
				CLANG_CXX_LANGUAGE_STANDARD = "gnu++0x";
				CLANG_CXX_LIBRARY = "libc++";
				CLANG_ENABLE_MODULES = YES;
				CLANG_ENABLE_OBJC_ARC = YES;
				CLANG_WARN_BOOL_CONVERSION = YES;
				CLANG_WARN_CONSTANT_CONVERSION = YES;
				CLANG_WARN_DIRECT_OBJC_ISA_USAGE = YES_ERROR;
				CLANG_WARN_DOCUMENTATION_COMMENTS = YES;
				CLANG_WARN_EMPTY_BODY = YES;
				CLANG_WARN_ENUM_CONVERSION = YES;
				CLANG_WARN_INFINITE_RECURSION = YES;
				CLANG_WARN_INT_CONVERSION = YES;
				CLANG_WARN_OBJC_ROOT_CLASS = YES_ERROR;
				CLANG_WARN_SUSPICIOUS_MOVE = YES;
				CLANG_WARN_UNREACHABLE_CODE = YES;
				CLANG_WARN__DUPLICATE_METHOD_MATCH = YES;
				"CODE_SIGN_IDENTITY[sdk=iphoneos*]" = "iPhone Developer";
				COPY_PHASE_STRIP = NO;
				DEBUG_INFORMATION_FORMAT = dwarf;
				ENABLE_STRICT_OBJC_MSGSEND = YES;
				ENABLE_TESTABILITY = YES;
				GCC_C_LANGUAGE_STANDARD = gnu99;
				GCC_DYNAMIC_NO_PIC = NO;
				GCC_NO_COMMON_BLOCKS = YES;
				GCC_OPTIMIZATION_LEVEL = 0;
				GCC_PREPROCESSOR_DEFINITIONS = (
					"DEBUG=1",
					"$(inherited)",
				);
				GCC_WARN_64_TO_32_BIT_CONVERSION = YES;
				GCC_WARN_ABOUT_RETURN_TYPE = YES_ERROR;
				GCC_WARN_UNDECLARED_SELECTOR = YES;
				GCC_WARN_UNINITIALIZED_AUTOS = YES_AGGRESSIVE;
				GCC_WARN_UNUSED_FUNCTION = YES;
				GCC_WARN_UNUSED_VARIABLE = YES;
				IPHONEOS_DEPLOYMENT_TARGET = 10.3;
				MTL_ENABLE_DEBUG_INFO = YES;
				ONLY_ACTIVE_ARCH = YES;
				SDKROOT = iphoneos;
				TARGETED_DEVICE_FAMILY = "1,2";
			};
			name = Debug;
		};
		FE45B7C61F6A16A10010D48A /* Release */ = {
			isa = XCBuildConfiguration;
			buildSettings = {
				ALWAYS_SEARCH_USER_PATHS = NO;
				CLANG_ANALYZER_NONNULL = YES;
				CLANG_ANALYZER_NUMBER_OBJECT_CONVERSION = YES_AGGRESSIVE;
				CLANG_CXX_LANGUAGE_STANDARD = "gnu++0x";
				CLANG_CXX_LIBRARY = "libc++";
				CLANG_ENABLE_MODULES = YES;
				CLANG_ENABLE_OBJC_ARC = YES;
				CLANG_WARN_BOOL_CONVERSION = YES;
				CLANG_WARN_CONSTANT_CONVERSION = YES;
				CLANG_WARN_DIRECT_OBJC_ISA_USAGE = YES_ERROR;
				CLANG_WARN_DOCUMENTATION_COMMENTS = YES;
				CLANG_WARN_EMPTY_BODY = YES;
				CLANG_WARN_ENUM_CONVERSION = YES;
				CLANG_WARN_INFINITE_RECURSION = YES;
				CLANG_WARN_INT_CONVERSION = YES;
				CLANG_WARN_OBJC_ROOT_CLASS = YES_ERROR;
				CLANG_WARN_SUSPICIOUS_MOVE = YES;
				CLANG_WARN_UNREACHABLE_CODE = YES;
				CLANG_WARN__DUPLICATE_METHOD_MATCH = YES;
				"CODE_SIGN_IDENTITY[sdk=iphoneos*]" = "iPhone Developer";
				COPY_PHASE_STRIP = NO;
				DEBUG_INFORMATION_FORMAT = "dwarf-with-dsym";
				ENABLE_NS_ASSERTIONS = NO;
				ENABLE_STRICT_OBJC_MSGSEND = YES;
				GCC_C_LANGUAGE_STANDARD = gnu99;
				GCC_NO_COMMON_BLOCKS = YES;
				GCC_WARN_64_TO_32_BIT_CONVERSION = YES;
				GCC_WARN_ABOUT_RETURN_TYPE = YES_ERROR;
				GCC_WARN_UNDECLARED_SELECTOR = YES;
				GCC_WARN_UNINITIALIZED_AUTOS = YES_AGGRESSIVE;
				GCC_WARN_UNUSED_FUNCTION = YES;
				GCC_WARN_UNUSED_VARIABLE = YES;
				IPHONEOS_DEPLOYMENT_TARGET = 10.3;
				MTL_ENABLE_DEBUG_INFO = NO;
				SDKROOT = iphoneos;
				TARGETED_DEVICE_FAMILY = "1,2";
				VALIDATE_PRODUCT = YES;
			};
			name = Release;
		};
		FE45B7C81F6A16A10010D48A /* Debug */ = {
			isa = XCBuildConfiguration;
			buildSettings = {
				ASSETCATALOG_COMPILER_APPICON_NAME = AppIcon;
				INFOPLIST_FILE = YSHToolLib/Info.plist;
				LD_RUNPATH_SEARCH_PATHS = "$(inherited) @executable_path/Frameworks";
				PRODUCT_BUNDLE_IDENTIFIER = com.qiurong.YSHToolLib;
				PRODUCT_NAME = "$(TARGET_NAME)";
			};
			name = Debug;
		};
		FE45B7C91F6A16A10010D48A /* Release */ = {
			isa = XCBuildConfiguration;
			buildSettings = {
				ASSETCATALOG_COMPILER_APPICON_NAME = AppIcon;
				INFOPLIST_FILE = YSHToolLib/Info.plist;
				LD_RUNPATH_SEARCH_PATHS = "$(inherited) @executable_path/Frameworks";
				PRODUCT_BUNDLE_IDENTIFIER = com.qiurong.YSHToolLib;
				PRODUCT_NAME = "$(TARGET_NAME)";
			};
			name = Release;
		};
		FE45B7CB1F6A16A10010D48A /* Debug */ = {
			isa = XCBuildConfiguration;
			buildSettings = {
				BUNDLE_LOADER = "$(TEST_HOST)";
				INFOPLIST_FILE = YSHToolLibTests/Info.plist;
				LD_RUNPATH_SEARCH_PATHS = "$(inherited) @executable_path/Frameworks @loader_path/Frameworks";
				PRODUCT_BUNDLE_IDENTIFIER = com.qiurong.YSHToolLibTests;
				PRODUCT_NAME = "$(TARGET_NAME)";
				TEST_HOST = "$(BUILT_PRODUCTS_DIR)/YSHToolLib.app/YSHToolLib";
			};
			name = Debug;
		};
		FE45B7CC1F6A16A10010D48A /* Release */ = {
			isa = XCBuildConfiguration;
			buildSettings = {
				BUNDLE_LOADER = "$(TEST_HOST)";
				INFOPLIST_FILE = YSHToolLibTests/Info.plist;
				LD_RUNPATH_SEARCH_PATHS = "$(inherited) @executable_path/Frameworks @loader_path/Frameworks";
				PRODUCT_BUNDLE_IDENTIFIER = com.qiurong.YSHToolLibTests;
				PRODUCT_NAME = "$(TARGET_NAME)";
				TEST_HOST = "$(BUILT_PRODUCTS_DIR)/YSHToolLib.app/YSHToolLib";
			};
			name = Release;
		};
		FE45B7CE1F6A16A10010D48A /* Debug */ = {
			isa = XCBuildConfiguration;
			buildSettings = {
				INFOPLIST_FILE = YSHToolLibUITests/Info.plist;
				LD_RUNPATH_SEARCH_PATHS = "$(inherited) @executable_path/Frameworks @loader_path/Frameworks";
				PRODUCT_BUNDLE_IDENTIFIER = com.qiurong.YSHToolLibUITests;
				PRODUCT_NAME = "$(TARGET_NAME)";
				TEST_TARGET_NAME = YSHToolLib;
			};
			name = Debug;
		};
		FE45B7CF1F6A16A10010D48A /* Release */ = {
			isa = XCBuildConfiguration;
			buildSettings = {
				INFOPLIST_FILE = YSHToolLibUITests/Info.plist;
				LD_RUNPATH_SEARCH_PATHS = "$(inherited) @executable_path/Frameworks @loader_path/Frameworks";
				PRODUCT_BUNDLE_IDENTIFIER = com.qiurong.YSHToolLibUITests;
				PRODUCT_NAME = "$(TARGET_NAME)";
				TEST_TARGET_NAME = YSHToolLib;
			};
			name = Release;
		};
/* End XCBuildConfiguration section */

/* Begin XCConfigurationList section */
		FE45B7951F6A16A10010D48A /* Build configuration list for PBXProject "YSHToolLib" */ = {
			isa = XCConfigurationList;
			buildConfigurations = (
				FE45B7C51F6A16A10010D48A /* Debug */,
				FE45B7C61F6A16A10010D48A /* Release */,
			);
			defaultConfigurationIsVisible = 0;
			defaultConfigurationName = Release;
		};
		FE45B7C71F6A16A10010D48A /* Build configuration list for PBXNativeTarget "YSHToolLib" */ = {
			isa = XCConfigurationList;
			buildConfigurations = (
				FE45B7C81F6A16A10010D48A /* Debug */,
				FE45B7C91F6A16A10010D48A /* Release */,
			);
			defaultConfigurationIsVisible = 0;
		};
		FE45B7CA1F6A16A10010D48A /* Build configuration list for PBXNativeTarget "YSHToolLibTests" */ = {
			isa = XCConfigurationList;
			buildConfigurations = (
				FE45B7CB1F6A16A10010D48A /* Debug */,
				FE45B7CC1F6A16A10010D48A /* Release */,
			);
			defaultConfigurationIsVisible = 0;
		};
		FE45B7CD1F6A16A10010D48A /* Build configuration list for PBXNativeTarget "YSHToolLibUITests" */ = {
			isa = XCConfigurationList;
			buildConfigurations = (
				FE45B7CE1F6A16A10010D48A /* Debug */,
				FE45B7CF1F6A16A10010D48A /* Release */,
			);
			defaultConfigurationIsVisible = 0;
		};
/* End XCConfigurationList section */
	};
	rootObject = FE45B7921F6A16A10010D48A /* Project object */;
}
